
Microsoft Visual Studio Solution File, Format Version 12.00
# Visual Studio 2013
VisualStudioVersion = 12.0.40629.0
MinimumVisualStudioVersion = 10.0.40219.1
Project("{F184B08F-C81C-45F6-A57F-5ABD9991F28F}") = "CALM-WorkerPump", "CALM-WorkerPump\CALM-WorkerPump.vbproj", "{FCD62167-DC20-4E56-A4C5-75AE10B186BB}"
EndProject
Global
	GlobalSection(SolutionConfigurationPlatforms) = preSolution
		Debug|Any CPU = Debug|Any CPU
		Release|Any CPU = Release|Any CPU
	EndGlobalSection
	GlobalSection(ProjectConfigurationPlatforms) = postSolution
		{FCD62167-DC20-4E56-A4C5-75AE10B186BB}.Debug|Any CPU.ActiveCfg = Debug|Any CPU
		{FCD62167-DC20-4E56-A4C5-75AE10B186BB}.Debug|Any CPU.Build.0 = Debug|Any CPU
		{FCD62167-DC20-4E56-A4C5-75AE10B186BB}.Release|Any CPU.ActiveCfg = Release|Any CPU
		{FCD62167-DC20-4E56-A4C5-75AE10B186BB}.Release|Any CPU.Build.0 = Release|Any CPU
	EndGlobalSection
	GlobalSection(SolutionProperties) = preSolution
		HideSolutionNode = FALSE
	EndGlobalSection
EndGlobal
